
Microsoft Visual Studio Solution File, Format Version 12.00
# Visual Studio Version 17
VisualStudioVersion = 17.2.32616.157
MinimumVisualStudioVersion = 10.0.40219.1
Project("{8BC9CEB8-8B4A-11D0-8D11-00A0C91BC942}") = "LeetCode-44", "LeetCode-44\LeetCode-44.vcxproj", "{09B38046-47D0-4FCB-AEDC-A1B19FA8025B}"
EndProject
Global
	GlobalSection(SolutionConfigurationPlatforms) = preSolution
		Debug|x64 = Debug|x64
		Debug|x86 = Debug|x86
		Release|x64 = Release|x64
		Release|x86 = Release|x86
	EndGlobalSection
	GlobalSection(ProjectConfigurationPlatforms) = postSolution
		{09B38046-47D0-4FCB-AEDC-A1B19FA8025B}.Debug|x64.ActiveCfg = Debug|x64
		{09B38046-47D0-4FCB-AEDC-A1B19FA8025B}.Debug|x64.Build.0 = Debug|x64
		{09B38046-47D0-4FCB-AEDC-A1B19FA8025B}.Debug|x86.ActiveCfg = Debug|Win32
		{09B38046-47D0-4FCB-AEDC-A1B19FA8025B}.Debug|x86.Build.0 = Debug|Win32
		{09B38046-47D0-4FCB-AEDC-A1B19FA8025B}.Release|x64.ActiveCfg = Release|x64
		{09B38046-47D0-4FCB-AEDC-A1B19FA8025B}.Release|x64.Build.0 = Release|x64
		{09B38046-47D0-4FCB-AEDC-A1B19FA8025B}.Release|x86.ActiveCfg = Release|Win32
		{09B38046-47D0-4FCB-AEDC-A1B19FA8025B}.Release|x86.Build.0 = Release|Win32
	EndGlobalSection
	GlobalSection(SolutionProperties) = preSolution
		HideSolutionNode = FALSE
	EndGlobalSection
	GlobalSection(ExtensibilityGlobals) = postSolution
		SolutionGuid = {BB3DB7E3-C593-4FC7-9B63-59D21D1796F8}
	EndGlobalSection
EndGlobal
